PODS:
  - Cheers (2.0.0)
  - SimpleImageViewer (1.1.1)

DEPENDENCIES:
  - Cheers
  - SimpleImageViewer (~> 1.1.1)

SPEC CHECKSUMS:
  Cheers: bacb4a95f04cf0fa25ee7f78e900c71eca8673ba
  SimpleImageViewer: 34c3a2cde2d9ac022146772cefc27fca14b0c8b1

PODFILE CHECKSUM: 705e38613732dd6c1bfe4b0c110f78e61f672081

COCOAPODS: 1.3.1
